{
  "name": "qxl.testrunner",
  "lockfileVersion": 3,
  "requires": true,
  "packages": {
    "": {
      "dependencies": {
        "jsdoctypeparser": "^9.0.0"
      }
    },
    "node_modules/jsdoctypeparser": {
      "version": "9.0.0",
      "resolved": "https://registry.npmjs.org/jsdoctypeparser/-/jsdoctypeparser-9.0.0.tgz",
      "integrity": "sha512-jrTA2jJIL6/DAEILBEh2/w9QxCuwmvNXIry39Ay/HVfhE3o2yVV0U44blYkqdHA/OKloJEqvJy0xU+GSdE2SIw==",
      "license": "MIT",
      "bin": {
        "jsdoctypeparser": "bin/jsdoctypeparser"
      },
      "engines": {
        "node": ">=10"
      }
    }
  }
}
